
Microsoft Visual Studio Solution File, Format Version 12.00
# Visual Studio Version 17
VisualStudioVersion = 17.4.33213.308
MinimumVisualStudioVersion = 10.0.40219.1
Project("{FAE04EC0-301F-11D3-BF4B-00C04F79EFBC}") = "NewBlackjackGame", "NewBlackjackGame.csproj", "{A7278093-6B74-471A-84E1-18EDA72836B4}"
EndProject
Global
	GlobalSection(SolutionConfigurationPlatforms) = preSolution
		Debug|Any CPU = Debug|Any CPU
		Release|Any CPU = Release|Any CPU
	EndGlobalSection
	GlobalSection(ProjectConfigurationPlatforms) = postSolution
		{A7278093-6B74-471A-84E1-18EDA72836B4}.Debug|Any CPU.ActiveCfg = Debug|Any CPU
		{A7278093-6B74-471A-84E1-18EDA72836B4}.Debug|Any CPU.Build.0 = Debug|Any CPU
		{A7278093-6B74-471A-84E1-18EDA72836B4}.Release|Any CPU.ActiveCfg = Release|Any CPU
		{A7278093-6B74-471A-84E1-18EDA72836B4}.Release|Any CPU.Build.0 = Release|Any CPU
	EndGlobalSection
	GlobalSection(SolutionProperties) = preSolution
		HideSolutionNode = FALSE
	EndGlobalSection
	GlobalSection(ExtensibilityGlobals) = postSolution
		SolutionGuid = {03FFE669-3204-469D-B36B-321356F866D2}
	EndGlobalSection
EndGlobal
