
Microsoft Visual Studio Solution File, Format Version 12.00
# Visual Studio Version 17
VisualStudioVersion = 17.3.32825.248
MinimumVisualStudioVersion = 10.0.40219.1
Project("{FAE04EC0-301F-11D3-BF4B-00C04F79EFBC}") = "Bingo Card generation algorithm", "Bingo Card generation algorithm.csproj", "{29572EE3-2199-4AEA-94C9-AB5E2BACCDBB}"
EndProject
Global
	GlobalSection(SolutionConfigurationPlatforms) = preSolution
		Debug|Any CPU = Debug|Any CPU
		Release|Any CPU = Release|Any CPU
	EndGlobalSection
	GlobalSection(ProjectConfigurationPlatforms) = postSolution
		{29572EE3-2199-4AEA-94C9-AB5E2BACCDBB}.Debug|Any CPU.ActiveCfg = Debug|Any CPU
		{29572EE3-2199-4AEA-94C9-AB5E2BACCDBB}.Debug|Any CPU.Build.0 = Debug|Any CPU
		{29572EE3-2199-4AEA-94C9-AB5E2BACCDBB}.Release|Any CPU.ActiveCfg = Release|Any CPU
		{29572EE3-2199-4AEA-94C9-AB5E2BACCDBB}.Release|Any CPU.Build.0 = Release|Any CPU
	EndGlobalSection
	GlobalSection(SolutionProperties) = preSolution
		HideSolutionNode = FALSE
	EndGlobalSection
	GlobalSection(ExtensibilityGlobals) = postSolution
		SolutionGuid = {2823A0D0-1B42-44C4-9BD9-CECCFB989325}
	EndGlobalSection
EndGlobal
